{
    "_meta": {
        "hash": {
            "sha256": "6635f8cdd7fd7283f40bfcafd6a564dfa36d5e53222ddf6a57c024f2026a3f45"
        },
        "host-environment-markers": {
            "implementation_name": "cpython",
            "implementation_version": "3.6.4",
            "os_name": "posix",
            "platform_machine": "x86_64",
            "platform_python_implementation": "CPython",
            "platform_release": "4.4.0-116-generic",
            "platform_system": "Linux",
            "platform_version": "#140~14.04.1-Ubuntu SMP Fri Feb 16 09:25:20 UTC 2018",
            "python_full_version": "3.6.4",
            "python_version": "3.6",
            "sys_platform": "linux"
        },
        "pipfile-spec": 6,
        "requires": {
            "python_version": "3.6"
        },
        "sources": [
            {
                "name": "pypi",
                "url": "https://pypi.python.org/simple",
                "verify_ssl": true
            }
        ]
    },
    "default": {
        "page-objects": {
            "hashes": [
                "sha256:885912f1d7a47354107a4132f8dfc350f450621ba372e221762a33288880a134"
            ],
            "version": "==1.1.0"
        },
        "pageobject": {
            "hashes": [
                "sha256:87c7319f48e1ddfe4ce6d1a9fccf99fc676ae0f3c8b8c2110a88cc73d7b1e552"
            ],
            "version": "==0.0.52"
        },
        "selenium": {
            "hashes": [
                "sha256:2b6f018e55f50e9c67a67caec2f73f806f72c162fb38cf3ea79e0a8f6506bf56",
                "sha256:5841fb30c3965866220c34d16de8e3d091e2833fcac385160a63db0c3522a297"
            ],
            "version": "==3.11.0"
        }
    },
    "develop": {}
}
